// !$*UTF8*$!
{
	archiveVersion = 1;
	classes = {
	};
	objectVersion = 56;
	objects = {

/* Begin PBXBuildFile section */
		372F94CB290A700700B6F5CC /* AppDelegate.swift in Sources */ = {isa = PBXBuildFile; fileRef = 372F94CA290A700700B6F5CC /* AppDelegate.swift */; };
		372F94CD290A700700B6F5CC /* SceneDelegate.swift in Sources */ = {isa = PBXBuildFile; fileRef = 372F94CC290A700700B6F5CC /* SceneDelegate.swift */; };
		372F94D2290A700700B6F5CC /* Main.storyboard in Resources */ = {isa = PBXBuildFile; fileRef = 372F94D0290A700700B6F5CC /* Main.storyboard */; };
		372F94D5290A700700B6F5CC /* TableView.xcdatamodeld in Sources */ = {isa = PBXBuildFile; fileRef = 372F94D3290A700700B6F5CC /* TableView.xcdatamodeld */; };
		372F94D7290A700800B6F5CC /* Assets.xcassets in Resources */ = {isa = PBXBuildFile; fileRef = 372F94D6290A700800B6F5CC /* Assets.xcassets */; };
		372F94DA290A700800B6F5CC /* LaunchScreen.storyboard in Resources */ = {isa = PBXBuildFile; fileRef = 372F94D8290A700800B6F5CC /* LaunchScreen.storyboard */; };
		372F94E2290A70AB00B6F5CC /* JayTableViewController.swift in Sources */ = {isa = PBXBuildFile; fileRef = 372F94E1290A70AB00B6F5CC /* JayTableViewController.swift */; };
		372F94E4290A70BA00B6F5CC /* WuBaiTableViewController.swift in Sources */ = {isa = PBXBuildFile; fileRef = 372F94E3290A70BA00B6F5CC /* WuBaiTableViewController.swift */; };
		372F94EA290A70FD00B6F5CC /* Concert.swift in Sources */ = {isa = PBXBuildFile; fileRef = 372F94E9290A70FD00B6F5CC /* Concert.swift */; };
		376FF66529431556002E4E6C /* JayMVViewController.swift in Sources */ = {isa = PBXBuildFile; fileRef = 376FF66429431556002E4E6C /* JayMVViewController.swift */; };
		376FF66729471240002E4E6C /* WuBaiViewController.swift in Sources */ = {isa = PBXBuildFile; fileRef = 376FF66629471240002E4E6C /* WuBaiViewController.swift */; };
		3785A13F294728040077C5AF /* BaiTableViewCell.swift in Sources */ = {isa = PBXBuildFile; fileRef = 3785A13E294728040077C5AF /* BaiTableViewCell.swift */; };
		3793005B290BADCB00CEBB3A /* UITableVIewCell+Extension.swift in Sources */ = {isa = PBXBuildFile; fileRef = 3793005A290BADCB00CEBB3A /* UITableVIewCell+Extension.swift */; };
		37D52671290BA88B003EF52D /* JayTableViewCell.swift in Sources */ = {isa = PBXBuildFile; fileRef = 37D52670290BA88B003EF52D /* JayTableViewCell.swift */; };
/* End PBXBuildFile section */

/* Begin PBXFileReference section */
		372F94C7290A700700B6F5CC /* TableView.app */ = {isa = PBXFileReference; explicitFileType = wrapper.application; includeInIndex = 0; path = TableView.app; sourceTree = BUILT_PRODUCTS_DIR; };
		372F94CA290A700700B6F5CC /* AppDelegate.swift */ = {isa = PBXFileReference; lastKnownFileType = sourcecode.swift; path = AppDelegate.swift; sourceTree = "<group>"; };
		372F94CC290A700700B6F5CC /* SceneDelegate.swift */ = {isa = PBXFileReference; lastKnownFileType = sourcecode.swift; path = SceneDelegate.swift; sourceTree = "<group>"; };
		372F94D1290A700700B6F5CC /* Base */ = {isa = PBXFileReference; lastKnownFileType = file.storyboard; name = Base; path = Base.lproj/Main.storyboard; sourceTree = "<group>"; };
		372F94D4290A700700B6F5CC /* TableView.xcdatamodel */ = {isa = PBXFileReference; lastKnownFileType = wrapper.xcdatamodel; path = TableView.xcdatamodel; sourceTree = "<group>"; };
		372F94D6290A700800B6F5CC /* Assets.xcassets */ = {isa = PBXFileReference; lastKnownFileType = folder.assetcatalog; path = Assets.xcassets; sourceTree = "<group>"; };
		372F94D9290A700800B6F5CC /* Base */ = {isa = PBXFileReference; lastKnownFileType = file.storyboard; name = Base; path = Base.lproj/LaunchScreen.storyboard; sourceTree = "<group>"; };
		372F94DB290A700800B6F5CC /* Info.plist */ = {isa = PBXFileReference; lastKnownFileType = text.plist.xml; path = Info.plist; sourceTree = "<group>"; };
		372F94E1290A70AB00B6F5CC /* JayTableViewController.swift */ = {isa = PBXFileReference; lastKnownFileType = sourcecode.swift; path = JayTableViewController.swift; sourceTree = "<group>"; };
		372F94E3290A70BA00B6F5CC /* WuBaiTableViewController.swift */ = {isa = PBXFileReference; lastKnownFileType = sourcecode.swift; path = WuBaiTableViewController.swift; sourceTree = "<group>"; };
		372F94E9290A70FD00B6F5CC /* Concert.swift */ = {isa = PBXFileReference; lastKnownFileType = sourcecode.swift; path = Concert.swift; sourceTree = "<group>"; };
		376FF66429431556002E4E6C /* JayMVViewController.swift */ = {isa = PBXFileReference; lastKnownFileType = sourcecode.swift; path = JayMVViewController.swift; sourceTree = "<group>"; };
		376FF66629471240002E4E6C /* WuBaiViewController.swift */ = {isa = PBXFileReference; lastKnownFileType = sourcecode.swift; path = WuBaiViewController.swift; sourceTree = "<group>"; };
		3785A13E294728040077C5AF /* BaiTableViewCell.swift */ = {isa = PBXFileReference; lastKnownFileType = sourcecode.swift; path = BaiTableViewCell.swift; sourceTree = "<group>"; };
		3793005A290BADCB00CEBB3A /* UITableVIewCell+Extension.swift */ = {isa = PBXFileReference; lastKnownFileType = sourcecode.swift; path = "UITableVIewCell+Extension.swift"; sourceTree = "<group>"; };
		37D52670290BA88B003EF52D /* JayTableViewCell.swift */ = {isa = PBXFileReference; lastKnownFileType = sourcecode.swift; path = JayTableViewCell.swift; sourceTree = "<group>"; };
/* End PBXFileReference section */

/* Begin PBXFrameworksBuildPhase section */
		372F94C4290A700700B6F5CC /* Frameworks */ = {
			isa = PBXFrameworksBuildPhase;
			buildActionMask = 2147483647;
			files = (
			);
			runOnlyForDeploymentPostprocessing = 0;
		};
/* End PBXFrameworksBuildPhase section */

/* Begin PBXGroup section */
		372F94BE290A700700B6F5CC = {
			isa = PBXGroup;
			children = (
				372F94C9290A700700B6F5CC /* TableView */,
				372F94C8290A700700B6F5CC /* Products */,
			);
			sourceTree = "<group>";
		};
		372F94C8290A700700B6F5CC /* Products */ = {
			isa = PBXGroup;
			children = (
				372F94C7290A700700B6F5CC /* TableView.app */,
			);
			name = Products;
			sourceTree = "<group>";
		};
		372F94C9290A700700B6F5CC /* TableView */ = {
			isa = PBXGroup;
			children = (
				372F94CC290A700700B6F5CC /* SceneDelegate.swift */,
				372F94CA290A700700B6F5CC /* AppDelegate.swift */,
				376FF65F294314A5002E4E6C /* Model */,
				376FF660294314B6002E4E6C /* View */,
				376FF661294314D7002E4E6C /* View Controller */,
				372F94D0290A700700B6F5CC /* Main.storyboard */,
				3793005A290BADCB00CEBB3A /* UITableVIewCell+Extension.swift */,
				372F94D6290A700800B6F5CC /* Assets.xcassets */,
				372F94D8290A700800B6F5CC /* LaunchScreen.storyboard */,
				372F94DB290A700800B6F5CC /* Info.plist */,
				372F94D3290A700700B6F5CC /* TableView.xcdatamodeld */,
			);
			path = TableView;
			sourceTree = "<group>";
		};
		376FF65F294314A5002E4E6C /* Model */ = {
			isa = PBXGroup;
			children = (
				372F94E9290A70FD00B6F5CC /* Concert.swift */,
			);
			path = Model;
			sourceTree = "<group>";
		};
		376FF660294314B6002E4E6C /* View */ = {
			isa = PBXGroup;
			children = (
				37D52670290BA88B003EF52D /* JayTableViewCell.swift */,
				3785A13E294728040077C5AF /* BaiTableViewCell.swift */,
			);
			path = View;
			sourceTree = "<group>";
		};
		376FF661294314D7002E4E6C /* View Controller */ = {
			isa = PBXGroup;
			children = (
				372F94E1290A70AB00B6F5CC /* JayTableViewController.swift */,
				376FF66429431556002E4E6C /* JayMVViewController.swift */,
				372F94E3290A70BA00B6F5CC /* WuBaiTableViewController.swift */,
				376FF66629471240002E4E6C /* WuBaiViewController.swift */,
			);
			path = "View Controller";
			sourceTree = "<group>";
		};
/* End PBXGroup section */

/* Begin PBXNativeTarget section */
		372F94C6290A700700B6F5CC /* TableView */ = {
			isa = PBXNativeTarget;
			buildConfigurationList = 372F94DE290A700800B6F5CC /* Build configuration list for PBXNativeTarget "TableView" */;
			buildPhases = (
				372F94C3290A700700B6F5CC /* Sources */,
				372F94C4290A700700B6F5CC /* Frameworks */,
				372F94C5290A700700B6F5CC /* Resources */,
			);
			buildRules = (
			);
			dependencies = (
			);
			name = TableView;
			productName = TableView;
			productReference = 372F94C7290A700700B6F5CC /* TableView.app */;
			productType = "com.apple.product-type.application";
		};
/* End PBXNativeTarget section */

/* Begin PBXProject section */
		372F94BF290A700700B6F5CC /* Project object */ = {
			isa = PBXProject;
			attributes = {
				BuildIndependentTargetsInParallel = 1;
				LastSwiftUpdateCheck = 1400;
				LastUpgradeCheck = 1400;
				TargetAttributes = {
					372F94C6290A700700B6F5CC = {
						CreatedOnToolsVersion = 14.0;
					};
				};
			};
			buildConfigurationList = 372F94C2290A700700B6F5CC /* Build configuration list for PBXProject "TableView" */;
			compatibilityVersion = "Xcode 14.0";
			developmentRegion = en;
			hasScannedForEncodings = 0;
			knownRegions = (
				en,
				Base,
			);
			mainGroup = 372F94BE290A700700B6F5CC;
			productRefGroup = 372F94C8290A700700B6F5CC /* Products */;
			projectDirPath = "";
			projectRoot = "";
			targets = (
				372F94C6290A700700B6F5CC /* TableView */,
			);
		};
/* End PBXProject section */

/* Begin PBXResourcesBuildPhase section */
		372F94C5290A700700B6F5CC /* Resources */ = {
			isa = PBXResourcesBuildPhase;
			buildActionMask = 2147483647;
			files = (
				372F94DA290A700800B6F5CC /* LaunchScreen.storyboard in Resources */,
				372F94D7290A700800B6F5CC /* Assets.xcassets in Resources */,
				372F94D2290A700700B6F5CC /* Main.storyboard in Resources */,
			);
			runOnlyForDeploymentPostprocessing = 0;
		};
/* End PBXResourcesBuildPhase section */

/* Begin PBXSourcesBuildPhase section */
		372F94C3290A700700B6F5CC /* Sources */ = {
			isa = PBXSourcesBuildPhase;
			buildActionMask = 2147483647;
			files = (
				37D52671290BA88B003EF52D /* JayTableViewCell.swift in Sources */,
				372F94D5290A700700B6F5CC /* TableView.xcdatamodeld in Sources */,
				372F94E4290A70BA00B6F5CC /* WuBaiTableViewController.swift in Sources */,
				372F94CB290A700700B6F5CC /* AppDelegate.swift in Sources */,
				372F94E2290A70AB00B6F5CC /* JayTableViewController.swift in Sources */,
				3793005B290BADCB00CEBB3A /* UITableVIewCell+Extension.swift in Sources */,
				3785A13F294728040077C5AF /* BaiTableViewCell.swift in Sources */,
				376FF66729471240002E4E6C /* WuBaiViewController.swift in Sources */,
				376FF66529431556002E4E6C /* JayMVViewController.swift in Sources */,
				372F94EA290A70FD00B6F5CC /* Concert.swift in Sources */,
				372F94CD290A700700B6F5CC /* SceneDelegate.swift in Sources */,
			);
			runOnlyForDeploymentPostprocessing = 0;
		};
/* End PBXSourcesBuildPhase section */

/* Begin PBXVariantGroup section */
		372F94D0290A700700B6F5CC /* Main.storyboard */ = {
			isa = PBXVariantGroup;
			children = (
				372F94D1290A700700B6F5CC /* Base */,
			);
			name = Main.storyboard;
			sourceTree = "<group>";
		};
		372F94D8290A700800B6F5CC /* LaunchScreen.storyboard */ = {
			isa = PBXVariantGroup;
			children = (
				372F94D9290A700800B6F5CC /* Base */,
			);
			name = LaunchScreen.storyboard;
			sourceTree = "<group>";
		};
/* End PBXVariantGroup section */

/* Begin XCBuildConfiguration section */
		372F94DC290A700800B6F5CC /* Debug */ = {
			isa = XCBuildConfiguration;
			buildSettings = {
				ALWAYS_SEARCH_USER_PATHS = NO;
				CLANG_ANALYZER_NONNULL = YES;
				CLANG_ANALYZER_NUMBER_OBJECT_CONVERSION = YES_AGGRESSIVE;
				CLANG_CXX_LANGUAGE_STANDARD = "gnu++20";
				CLANG_ENABLE_MODULES = YES;
				CLANG_ENABLE_OBJC_ARC = YES;
				CLANG_ENABLE_OBJC_WEAK = YES;
				CLANG_WARN_BLOCK_CAPTURE_AUTORELEASING = YES;
				CLANG_WARN_BOOL_CONVERSION = YES;
				CLANG_WARN_COMMA = YES;
				CLANG_WARN_CONSTANT_CONVERSION = YES;
				CLANG_WARN_DEPRECATED_OBJC_IMPLEMENTATIONS = YES;
				CLANG_WARN_DIRECT_OBJC_ISA_USAGE = YES_ERROR;
				CLANG_WARN_DOCUMENTATION_COMMENTS = YES;
				CLANG_WARN_EMPTY_BODY = YES;
				CLANG_WARN_ENUM_CONVERSION = YES;
				CLANG_WARN_INFINITE_RECURSION = YES;
				CLANG_WARN_INT_CONVERSION = YES;
				CLANG_WARN_NON_LITERAL_NULL_CONVERSION = YES;
				CLANG_WARN_OBJC_IMPLICIT_RETAIN_SELF = YES;
				CLANG_WARN_OBJC_LITERAL_CONVERSION = YES;
				CLANG_WARN_OBJC_ROOT_CLASS = YES_ERROR;
				CLANG_WARN_QUOTED_INCLUDE_IN_FRAMEWORK_HEADER = YES;
				CLANG_WARN_RANGE_LOOP_ANALYSIS = YES;
				CLANG_WARN_STRICT_PROTOTYPES = YES;
				CLANG_WARN_SUSPICIOUS_MOVE = YES;
				CLANG_WARN_UNGUARDED_AVAILABILITY = YES_AGGRESSIVE;
				CLANG_WARN_UNREACHABLE_CODE = YES;
				CLANG_WARN__DUPLICATE_METHOD_MATCH = YES;
				COPY_PHASE_STRIP = NO;
				DEBUG_INFORMATION_FORMAT = dwarf;
				ENABLE_STRICT_OBJC_MSGSEND = YES;
				ENABLE_TESTABILITY = YES;
				GCC_C_LANGUAGE_STANDARD = gnu11;
				GCC_DYNAMIC_NO_PIC = NO;
				GCC_NO_COMMON_BLOCKS = YES;
				GCC_OPTIMIZATION_LEVEL = 0;
				GCC_PREPROCESSOR_DEFINITIONS = (
					"DEBUG=1",
					"$(inherited)",
				);
				GCC_WARN_64_TO_32_BIT_CONVERSION = YES;
				GCC_WARN_ABOUT_RETURN_TYPE = YES_ERROR;
				GCC_WARN_UNDECLARED_SELECTOR = YES;
				GCC_WARN_UNINITIALIZED_AUTOS = YES_AGGRESSIVE;
				GCC_WARN_UNUSED_FUNCTION = YES;
				GCC_WARN_UNUSED_VARIABLE = YES;
				IPHONEOS_DEPLOYMENT_TARGET = 16.0;
				MTL_ENABLE_DEBUG_INFO = INCLUDE_SOURCE;
				MTL_FAST_MATH = YES;
				ONLY_ACTIVE_ARCH = YES;
				SDKROOT = iphoneos;
				SWIFT_ACTIVE_COMPILATION_CONDITIONS = DEBUG;
				SWIFT_OPTIMIZATION_LEVEL = "-Onone";
			};
			name = Debug;
		};
		372F94DD290A700800B6F5CC /* Release */ = {
			isa = XCBuildConfiguration;
			buildSettings = {
				ALWAYS_SEARCH_USER_PATHS = NO;
				CLANG_ANALYZER_NONNULL = YES;
				CLANG_ANALYZER_NUMBER_OBJECT_CONVERSION = YES_AGGRESSIVE;
				CLANG_CXX_LANGUAGE_STANDARD = "gnu++20";
				CLANG_ENABLE_MODULES = YES;
				CLANG_ENABLE_OBJC_ARC = YES;
				CLANG_ENABLE_OBJC_WEAK = YES;
				CLANG_WARN_BLOCK_CAPTURE_AUTORELEASING = YES;
				CLANG_WARN_BOOL_CONVERSION = YES;
				CLANG_WARN_COMMA = YES;
				CLANG_WARN_CONSTANT_CONVERSION = YES;
				CLANG_WARN_DEPRECATED_OBJC_IMPLEMENTATIONS = YES;
				CLANG_WARN_DIRECT_OBJC_ISA_USAGE = YES_ERROR;
				CLANG_WARN_DOCUMENTATION_COMMENTS = YES;
				CLANG_WARN_EMPTY_BODY = YES;
				CLANG_WARN_ENUM_CONVERSION = YES;
				CLANG_WARN_INFINITE_RECURSION = YES;
				CLANG_WARN_INT_CONVERSION = YES;
				CLANG_WARN_NON_LITERAL_NULL_CONVERSION = YES;
				CLANG_WARN_OBJC_IMPLICIT_RETAIN_SELF = YES;
				CLANG_WARN_OBJC_LITERAL_CONVERSION = YES;
				CLANG_WARN_OBJC_ROOT_CLASS = YES_ERROR;
				CLANG_WARN_QUOTED_INCLUDE_IN_FRAMEWORK_HEADER = YES;
				CLANG_WARN_RANGE_LOOP_ANALYSIS = YES;
				CLANG_WARN_STRICT_PROTOTYPES = YES;
				CLANG_WARN_SUSPICIOUS_MOVE = YES;
				CLANG_WARN_UNGUARDED_AVAILABILITY = YES_AGGRESSIVE;
				CLANG_WARN_UNREACHABLE_CODE = YES;
				CLANG_WARN__DUPLICATE_METHOD_MATCH = YES;
				COPY_PHASE_STRIP = NO;
				DEBUG_INFORMATION_FORMAT = "dwarf-with-dsym";
				ENABLE_NS_ASSERTIONS = NO;
				ENABLE_STRICT_OBJC_MSGSEND = YES;
				GCC_C_LANGUAGE_STANDARD = gnu11;
				GCC_NO_COMMON_BLOCKS = YES;
				GCC_WARN_64_TO_32_BIT_CONVERSION = YES;
				GCC_WARN_ABOUT_RETURN_TYPE = YES_ERROR;
				GCC_WARN_UNDECLARED_SELECTOR = YES;
				GCC_WARN_UNINITIALIZED_AUTOS = YES_AGGRESSIVE;
				GCC_WARN_UNUSED_FUNCTION = YES;
				GCC_WARN_UNUSED_VARIABLE = YES;
				IPHONEOS_DEPLOYMENT_TARGET = 16.0;
				MTL_ENABLE_DEBUG_INFO = NO;
				MTL_FAST_MATH = YES;
				SDKROOT = iphoneos;
				SWIFT_COMPILATION_MODE = wholemodule;
				SWIFT_OPTIMIZATION_LEVEL = "-O";
				VALIDATE_PRODUCT = YES;
			};
			name = Release;
		};
		372F94DF290A700800B6F5CC /* Debug */ = {
			isa = XCBuildConfiguration;
			buildSettings = {
				ASSETCATALOG_COMPILER_APPICON_NAME = AppIcon;
				ASSETCATALOG_COMPILER_GLOBAL_ACCENT_COLOR_NAME = AccentColor;
				CODE_SIGN_STYLE = Automatic;
				CURRENT_PROJECT_VERSION = 1;
				DEVELOPMENT_TEAM = XQJ9FBTXC8;
				GENERATE_INFOPLIST_FILE = YES;
				INFOPLIST_FILE = TableView/Info.plist;
				INFOPLIST_KEY_UIApplicationSupportsIndirectInputEvents = YES;
				INFOPLIST_KEY_UILaunchStoryboardName = LaunchScreen;
				INFOPLIST_KEY_UIMainStoryboardFile = Main;
				INFOPLIST_KEY_UISupportedInterfaceOrientations_iPad = "UIInterfaceOrientationPortrait UIInterfaceOrientationPortraitUpsideDown UIInterfaceOrientationLandscapeLeft UIInterfaceOrientationLandscapeRight";
				INFOPLIST_KEY_UISupportedInterfaceOrientations_iPhone = "UIInterfaceOrientationPortrait UIInterfaceOrientationLandscapeLeft UIInterfaceOrientationLandscapeRight";
				LD_RUNPATH_SEARCH_PATHS = (
					"$(inherited)",
					"@executable_path/Frameworks",
				);
				MARKETING_VERSION = 1.0;
				PRODUCT_BUNDLE_IDENTIFIER = com.alicelee.tableview.TableView;
				PRODUCT_NAME = "$(TARGET_NAME)";
				SWIFT_EMIT_LOC_STRINGS = YES;
				SWIFT_VERSION = 5.0;
				TARGETED_DEVICE_FAMILY = "1,2";
			};
			name = Debug;
		};
		372F94E0290A700800B6F5CC /* Release */ = {
			isa = XCBuildConfiguration;
			buildSettings = {
				ASSETCATALOG_COMPILER_APPICON_NAME = AppIcon;
				ASSETCATALOG_COMPILER_GLOBAL_ACCENT_COLOR_NAME = AccentColor;
				CODE_SIGN_STYLE = Automatic;
				CURRENT_PROJECT_VERSION = 1;
				DEVELOPMENT_TEAM = XQJ9FBTXC8;
				GENERATE_INFOPLIST_FILE = YES;
				INFOPLIST_FILE = TableView/Info.plist;
				INFOPLIST_KEY_UIApplicationSupportsIndirectInputEvents = YES;
				INFOPLIST_KEY_UILaunchStoryboardName = LaunchScreen;
				INFOPLIST_KEY_UIMainStoryboardFile = Main;
				INFOPLIST_KEY_UISupportedInterfaceOrientations_iPad = "UIInterfaceOrientationPortrait UIInterfaceOrientationPortraitUpsideDown UIInterfaceOrientationLandscapeLeft UIInterfaceOrientationLandscapeRight";
				INFOPLIST_KEY_UISupportedInterfaceOrientations_iPhone = "UIInterfaceOrientationPortrait UIInterfaceOrientationLandscapeLeft UIInterfaceOrientationLandscapeRight";
				LD_RUNPATH_SEARCH_PATHS = (
					"$(inherited)",
					"@executable_path/Frameworks",
				);
				MARKETING_VERSION = 1.0;
				PRODUCT_BUNDLE_IDENTIFIER = com.alicelee.tableview.TableView;
				PRODUCT_NAME = "$(TARGET_NAME)";
				SWIFT_EMIT_LOC_STRINGS = YES;
				SWIFT_VERSION = 5.0;
				TARGETED_DEVICE_FAMILY = "1,2";
			};
			name = Release;
		};
/* End XCBuildConfiguration section */

/* Begin XCConfigurationList section */
		372F94C2290A700700B6F5CC /* Build configuration list for PBXProject "TableView" */ = {
			isa = XCConfigurationList;
			buildConfigurations = (
				372F94DC290A700800B6F5CC /* Debug */,
				372F94DD290A700800B6F5CC /* Release */,
			);
			defaultConfigurationIsVisible = 0;
			defaultConfigurationName = Release;
		};
		372F94DE290A700800B6F5CC /* Build configuration list for PBXNativeTarget "TableView" */ = {
			isa = XCConfigurationList;
			buildConfigurations = (
				372F94DF290A700800B6F5CC /* Debug */,
				372F94E0290A700800B6F5CC /* Release */,
			);
			defaultConfigurationIsVisible = 0;
			defaultConfigurationName = Release;
		};
/* End XCConfigurationList section */

/* Begin XCVersionGroup section */
		372F94D3290A700700B6F5CC /* TableView.xcdatamodeld */ = {
			isa = XCVersionGroup;
			children = (
				372F94D4290A700700B6F5CC /* TableView.xcdatamodel */,
			);
			currentVersion = 372F94D4290A700700B6F5CC /* TableView.xcdatamodel */;
			path = TableView.xcdatamodeld;
			sourceTree = "<group>";
			versionGroupType = wrapper.xcdatamodel;
		};
/* End XCVersionGroup section */
	};
	rootObject = 372F94BF290A700700B6F5CC /* Project object */;
}
